// !$*UTF8*$!
{
	archiveVersion = 1;
	classes = {
	};
	objectVersion = 46;
	objects = {

/* Begin PBXBuildFile section */
		3F2E39891E39F52E001DBFCC /* AppDelegate.swift in Sources */ = {isa = PBXBuildFile; fileRef = 3F2E39881E39F52E001DBFCC /* AppDelegate.swift */; };
		3F2E398B1E39F52E001DBFCC /* ViewController.swift in Sources */ = {isa = PBXBuildFile; fileRef = 3F2E398A1E39F52E001DBFCC /* ViewController.swift */; };
		3F2E398E1E39F52E001DBFCC /* Main.storyboard in Resources */ = {isa = PBXBuildFile; fileRef = 3F2E398C1E39F52E001DBFCC /* Main.storyboard */; };
		3F2E39901E39F52E001DBFCC /* Assets.xcassets in Resources */ = {isa = PBXBuildFile; fileRef = 3F2E398F1E39F52E001DBFCC /* Assets.xcassets */; };
		3F2E39931E39F52E001DBFCC /* LaunchScreen.storyboard in Resources */ = {isa = PBXBuildFile; fileRef = 3F2E39911E39F52E001DBFCC /* LaunchScreen.storyboard */; };
		3F2E399E1E39F52E001DBFCC /* UE3Tests.swift in Sources */ = {isa = PBXBuildFile; fileRef = 3F2E399D1E39F52E001DBFCC /* UE3Tests.swift */; };
		3F2E39A91E39F52E001DBFCC /* UE3UITests.swift in Sources */ = {isa = PBXBuildFile; fileRef = 3F2E39A81E39F52E001DBFCC /* UE3UITests.swift */; };
/* End PBXBuildFile section */

/* Begin PBXContainerItemProxy section */
		3F2E399A1E39F52E001DBFCC /* PBXContainerItemProxy */ = {
			isa = PBXContainerItemProxy;
			containerPortal = 3F2E397D1E39F52E001DBFCC /* Project object */;
			proxyType = 1;
			remoteGlobalIDString = 3F2E39841E39F52E001DBFCC;
			remoteInfo = UE3;
		};
		3F2E39A51E39F52E001DBFCC /* PBXContainerItemProxy */ = {
			isa = PBXContainerItemProxy;
			containerPortal = 3F2E397D1E39F52E001DBFCC /* Project object */;
			proxyType = 1;
			remoteGlobalIDString = 3F2E39841E39F52E001DBFCC;
			remoteInfo = UE3;
		};
/* End PBXContainerItemProxy section */

/* Begin PBXFileReference section */
		3F2E39851E39F52E001DBFCC /* UE3.app */ = {isa = PBXFileReference; explicitFileType = wrapper.application; includeInIndex = 0; path = UE3.app; sourceTree = BUILT_PRODUCTS_DIR; };
		3F2E39881E39F52E001DBFCC /* AppDelegate.swift */ = {isa = PBXFileReference; lastKnownFileType = sourcecode.swift; path = AppDelegate.swift; sourceTree = "<group>"; };
		3F2E398A1E39F52E001DBFCC /* ViewController.swift */ = {isa = PBXFileReference; lastKnownFileType = sourcecode.swift; path = ViewController.swift; sourceTree = "<group>"; };
		3F2E398D1E39F52E001DBFCC /* Base */ = {isa = PBXFileReference; lastKnownFileType = file.storyboard; name = Base; path = Base.lproj/Main.storyboard; sourceTree = "<group>"; };
		3F2E398F1E39F52E001DBFCC /* Assets.xcassets */ = {isa = PBXFileReference; lastKnownFileType = folder.assetcatalog; path = Assets.xcassets; sourceTree = "<group>"; };
		3F2E39921E39F52E001DBFCC /* Base */ = {isa = PBXFileReference; lastKnownFileType = file.storyboard; name = Base; path = Base.lproj/LaunchScreen.storyboard; sourceTree = "<group>"; };
		3F2E39941E39F52E001DBFCC /* Info.plist */ = {isa = PBXFileReference; lastKnownFileType = text.plist.xml; path = Info.plist; sourceTree = "<group>"; };
		3F2E39991E39F52E001DBFCC /* UE3Tests.xctest */ = {isa = PBXFileReference; explicitFileType = wrapper.cfbundle; includeInIndex = 0; path = UE3Tests.xctest; sourceTree = BUILT_PRODUCTS_DIR; };
		3F2E399D1E39F52E001DBFCC /* UE3Tests.swift */ = {isa = PBXFileReference; lastKnownFileType = sourcecode.swift; path = UE3Tests.swift; sourceTree = "<group>"; };
		3F2E399F1E39F52E001DBFCC /* Info.plist */ = {isa = PBXFileReference; lastKnownFileType = text.plist.xml; path = Info.plist; sourceTree = "<group>"; };
		3F2E39A41E39F52E001DBFCC /* UE3UITests.xctest */ = {isa = PBXFileReference; explicitFileType = wrapper.cfbundle; includeInIndex = 0; path = UE3UITests.xctest; sourceTree = BUILT_PRODUCTS_DIR; };
		3F2E39A81E39F52E001DBFCC /* UE3UITests.swift */ = {isa = PBXFileReference; lastKnownFileType = sourcecode.swift; path = UE3UITests.swift; sourceTree = "<group>"; };
		3F2E39AA1E39F52E001DBFCC /* Info.plist */ = {isa = PBXFileReference; lastKnownFileType = text.plist.xml; path = Info.plist; sourceTree = "<group>"; };
/* End PBXFileReference section */

/* Begin PBXFrameworksBuildPhase section */
		3F2E39821E39F52E001DBFCC /* Frameworks */ = {
			isa = PBXFrameworksBuildPhase;
			buildActionMask = 2147483647;
			files = (
			);
			runOnlyForDeploymentPostprocessing = 0;
		};
		3F2E39961E39F52E001DBFCC /* Frameworks */ = {
			isa = PBXFrameworksBuildPhase;
			buildActionMask = 2147483647;
			files = (
			);
			runOnlyForDeploymentPostprocessing = 0;
		};
		3F2E39A11E39F52E001DBFCC /* Frameworks */ = {
			isa = PBXFrameworksBuildPhase;
			buildActionMask = 2147483647;
			files = (
			);
			runOnlyForDeploymentPostprocessing = 0;
		};
/* End PBXFrameworksBuildPhase section */

/* Begin PBXGroup section */
		3F2E397C1E39F52E001DBFCC = {
			isa = PBXGroup;
			children = (
				3F2E39871E39F52E001DBFCC /* UE3 */,
				3F2E399C1E39F52E001DBFCC /* UE3Tests */,
				3F2E39A71E39F52E001DBFCC /* UE3UITests */,
				3F2E39861E39F52E001DBFCC /* Products */,
			);
			sourceTree = "<group>";
		};
		3F2E39861E39F52E001DBFCC /* Products */ = {
			isa = PBXGroup;
			children = (
				3F2E39851E39F52E001DBFCC /* UE3.app */,
				3F2E39991E39F52E001DBFCC /* UE3Tests.xctest */,
				3F2E39A41E39F52E001DBFCC /* UE3UITests.xctest */,
			);
			name = Products;
			sourceTree = "<group>";
		};
		3F2E39871E39F52E001DBFCC /* UE3 */ = {
			isa = PBXGroup;
			children = (
				3F2E39881E39F52E001DBFCC /* AppDelegate.swift */,
				3F2E398A1E39F52E001DBFCC /* ViewController.swift */,
				3F2E398C1E39F52E001DBFCC /* Main.storyboard */,
				3F2E398F1E39F52E001DBFCC /* Assets.xcassets */,
				3F2E39911E39F52E001DBFCC /* LaunchScreen.storyboard */,
				3F2E39941E39F52E001DBFCC /* Info.plist */,
			);
			path = UE3;
			sourceTree = "<group>";
		};
		3F2E399C1E39F52E001DBFCC /* UE3Tests */ = {
			isa = PBXGroup;
			children = (
				3F2E399D1E39F52E001DBFCC /* UE3Tests.swift */,
				3F2E399F1E39F52E001DBFCC /* Info.plist */,
			);
			path = UE3Tests;
			sourceTree = "<group>";
		};
		3F2E39A71E39F52E001DBFCC /* UE3UITests */ = {
			isa = PBXGroup;
			children = (
				3F2E39A81E39F52E001DBFCC /* UE3UITests.swift */,
				3F2E39AA1E39F52E001DBFCC /* Info.plist */,
			);
			path = UE3UITests;
			sourceTree = "<group>";
		};
/* End PBXGroup section */

/* Begin PBXNativeTarget section */
		3F2E39841E39F52E001DBFCC /* UE3 */ = {
			isa = PBXNativeTarget;
			buildConfigurationList = 3F2E39AD1E39F52E001DBFCC /* Build configuration list for PBXNativeTarget "UE3" */;
			buildPhases = (
				3F2E39811E39F52E001DBFCC /* Sources */,
				3F2E39821E39F52E001DBFCC /* Frameworks */,
				3F2E39831E39F52E001DBFCC /* Resources */,
			);
			buildRules = (
			);
			dependencies = (
			);
			name = UE3;
			productName = UE3;
			productReference = 3F2E39851E39F52E001DBFCC /* UE3.app */;
			productType = "com.apple.product-type.application";
		};
		3F2E39981E39F52E001DBFCC /* UE3Tests */ = {
			isa = PBXNativeTarget;
			buildConfigurationList = 3F2E39B01E39F52E001DBFCC /* Build configuration list for PBXNativeTarget "UE3Tests" */;
			buildPhases = (
				3F2E39951E39F52E001DBFCC /* Sources */,
				3F2E39961E39F52E001DBFCC /* Frameworks */,
				3F2E39971E39F52E001DBFCC /* Resources */,
			);
			buildRules = (
			);
			dependencies = (
				3F2E399B1E39F52E001DBFCC /* PBXTargetDependency */,
			);
			name = UE3Tests;
			productName = UE3Tests;
			productReference = 3F2E39991E39F52E001DBFCC /* UE3Tests.xctest */;
			productType = "com.apple.product-type.bundle.unit-test";
		};
		3F2E39A31E39F52E001DBFCC /* UE3UITests */ = {
			isa = PBXNativeTarget;
			buildConfigurationList = 3F2E39B31E39F52E001DBFCC /* Build configuration list for PBXNativeTarget "UE3UITests" */;
			buildPhases = (
				3F2E39A01E39F52E001DBFCC /* Sources */,
				3F2E39A11E39F52E001DBFCC /* Frameworks */,
				3F2E39A21E39F52E001DBFCC /* Resources */,
			);
			buildRules = (
			);
			dependencies = (
				3F2E39A61E39F52E001DBFCC /* PBXTargetDependency */,
			);
			name = UE3UITests;
			productName = UE3UITests;
			productReference = 3F2E39A41E39F52E001DBFCC /* UE3UITests.xctest */;
			productType = "com.apple.product-type.bundle.ui-testing";
		};
/* End PBXNativeTarget section */

/* Begin PBXProject section */
		3F2E397D1E39F52E001DBFCC /* Project object */ = {
			isa = PBXProject;
			attributes = {
				LastSwiftUpdateCheck = 0800;
				LastUpgradeCheck = 0800;
				ORGANIZATIONNAME = Student;
				TargetAttributes = {
					3F2E39841E39F52E001DBFCC = {
						CreatedOnToolsVersion = 8.0;
						ProvisioningStyle = Automatic;
					};
					3F2E39981E39F52E001DBFCC = {
						CreatedOnToolsVersion = 8.0;
						ProvisioningStyle = Automatic;
						TestTargetID = 3F2E39841E39F52E001DBFCC;
					};
					3F2E39A31E39F52E001DBFCC = {
						CreatedOnToolsVersion = 8.0;
						ProvisioningStyle = Automatic;
						TestTargetID = 3F2E39841E39F52E001DBFCC;
					};
				};
			};
			buildConfigurationList = 3F2E39801E39F52E001DBFCC /* Build configuration list for PBXProject "UE3" */;
			compatibilityVersion = "Xcode 3.2";
			developmentRegion = English;
			hasScannedForEncodings = 0;
			knownRegions = (
				en,
				Base,
			);
			mainGroup = 3F2E397C1E39F52E001DBFCC;
			productRefGroup = 3F2E39861E39F52E001DBFCC /* Products */;
			projectDirPath = "";
			projectRoot = "";
			targets = (
				3F2E39841E39F52E001DBFCC /* UE3 */,
				3F2E39981E39F52E001DBFCC /* UE3Tests */,
				3F2E39A31E39F52E001DBFCC /* UE3UITests */,
			);
		};
/* End PBXProject section */

/* Begin PBXResourcesBuildPhase section */
		3F2E39831E39F52E001DBFCC /* Resources */ = {
			isa = PBXResourcesBuildPhase;
			buildActionMask = 2147483647;
			files = (
				3F2E39931E39F52E001DBFCC /* LaunchScreen.storyboard in Resources */,
				3F2E39901E39F52E001DBFCC /* Assets.xcassets in Resources */,
				3F2E398E1E39F52E001DBFCC /* Main.storyboard in Resources */,
			);
			runOnlyForDeploymentPostprocessing = 0;
		};
		3F2E39971E39F52E001DBFCC /* Resources */ = {
			isa = PBXResourcesBuildPhase;
			buildActionMask = 2147483647;
			files = (
			);
			runOnlyForDeploymentPostprocessing = 0;
		};
		3F2E39A21E39F52E001DBFCC /* Resources */ = {
			isa = PBXResourcesBuildPhase;
			buildActionMask = 2147483647;
			files = (
			);
			runOnlyForDeploymentPostprocessing = 0;
		};
/* End PBXResourcesBuildPhase section */

/* Begin PBXSourcesBuildPhase section */
		3F2E39811E39F52E001DBFCC /* Sources */ = {
			isa = PBXSourcesBuildPhase;
			buildActionMask = 2147483647;
			files = (
				3F2E398B1E39F52E001DBFCC /* ViewController.swift in Sources */,
				3F2E39891E39F52E001DBFCC /* AppDelegate.swift in Sources */,
			);
			runOnlyForDeploymentPostprocessing = 0;
		};
		3F2E39951E39F52E001DBFCC /* Sources */ = {
			isa = PBXSourcesBuildPhase;
			buildActionMask = 2147483647;
			files = (
				3F2E399E1E39F52E001DBFCC /* UE3Tests.swift in Sources */,
			);
			runOnlyForDeploymentPostprocessing = 0;
		};
		3F2E39A01E39F52E001DBFCC /* Sources */ = {
			isa = PBXSourcesBuildPhase;
			buildActionMask = 2147483647;
			files = (
				3F2E39A91E39F52E001DBFCC /* UE3UITests.swift in Sources */,
			);
			runOnlyForDeploymentPostprocessing = 0;
		};
/* End PBXSourcesBuildPhase section */

/* Begin PBXTargetDependency section */
		3F2E399B1E39F52E001DBFCC /* PBXTargetDependency */ = {
			isa = PBXTargetDependency;
			target = 3F2E39841E39F52E001DBFCC /* UE3 */;
			targetProxy = 3F2E399A1E39F52E001DBFCC /* PBXContainerItemProxy */;
		};
		3F2E39A61E39F52E001DBFCC /* PBXTargetDependency */ = {
			isa = PBXTargetDependency;
			target = 3F2E39841E39F52E001DBFCC /* UE3 */;
			targetProxy = 3F2E39A51E39F52E001DBFCC /* PBXContainerItemProxy */;
		};
/* End PBXTargetDependency section */

/* Begin PBXVariantGroup section */
		3F2E398C1E39F52E001DBFCC /* Main.storyboard */ = {
			isa = PBXVariantGroup;
			children = (
				3F2E398D1E39F52E001DBFCC /* Base */,
			);
			name = Main.storyboard;
			sourceTree = "<group>";
		};
		3F2E39911E39F52E001DBFCC /* LaunchScreen.storyboard */ = {
			isa = PBXVariantGroup;
			children = (
				3F2E39921E39F52E001DBFCC /* Base */,
			);
			name = LaunchScreen.storyboard;
			sourceTree = "<group>";
		};
/* End PBXVariantGroup section */

/* Begin XCBuildConfiguration section */
		3F2E39AB1E39F52E001DBFCC /* Debug */ = {
			isa = XCBuildConfiguration;
			buildSettings = {
				ALWAYS_SEARCH_USER_PATHS = NO;
				CLANG_ANALYZER_NONNULL = YES;
				CLANG_CXX_LANGUAGE_STANDARD = "gnu++0x";
				CLANG_CXX_LIBRARY = "libc++";
				CLANG_ENABLE_MODULES = YES;
				CLANG_ENABLE_OBJC_ARC = YES;
				CLANG_WARN_BOOL_CONVERSION = YES;
				CLANG_WARN_CONSTANT_CONVERSION = YES;
				CLANG_WARN_DIRECT_OBJC_ISA_USAGE = YES_ERROR;
				CLANG_WARN_DOCUMENTATION_COMMENTS = YES;
				CLANG_WARN_EMPTY_BODY = YES;
				CLANG_WARN_ENUM_CONVERSION = YES;
				CLANG_WARN_INFINITE_RECURSION = YES;
				CLANG_WARN_INT_CONVERSION = YES;
				CLANG_WARN_OBJC_ROOT_CLASS = YES_ERROR;
				CLANG_WARN_SUSPICIOUS_MOVES = YES;
				CLANG_WARN_UNREACHABLE_CODE = YES;
				CLANG_WARN__DUPLICATE_METHOD_MATCH = YES;
				"CODE_SIGN_IDENTITY[sdk=iphoneos*]" = "iPhone Developer";
				COPY_PHASE_STRIP = NO;
				DEBUG_INFORMATION_FORMAT = dwarf;
				ENABLE_STRICT_OBJC_MSGSEND = YES;
				ENABLE_TESTABILITY = YES;
				GCC_C_LANGUAGE_STANDARD = gnu99;
				GCC_DYNAMIC_NO_PIC = NO;
				GCC_NO_COMMON_BLOCKS = YES;
				GCC_OPTIMIZATION_LEVEL = 0;
				GCC_PREPROCESSOR_DEFINITIONS = (
					"DEBUG=1",
					"$(inherited)",
				);
				GCC_WARN_64_TO_32_BIT_CONVERSION = YES;
				GCC_WARN_ABOUT_RETURN_TYPE = YES_ERROR;
				GCC_WARN_UNDECLARED_SELECTOR = YES;
				GCC_WARN_UNINITIALIZED_AUTOS = YES_AGGRESSIVE;
				GCC_WARN_UNUSED_FUNCTION = YES;
				GCC_WARN_UNUSED_VARIABLE = YES;
				IPHONEOS_DEPLOYMENT_TARGET = 10.0;
				MTL_ENABLE_DEBUG_INFO = YES;
				ONLY_ACTIVE_ARCH = YES;
				SDKROOT = iphoneos;
				SWIFT_ACTIVE_COMPILATION_CONDITIONS = DEBUG;
				SWIFT_OPTIMIZATION_LEVEL = "-Onone";
				TARGETED_DEVICE_FAMILY = "1,2";
			};
			name = Debug;
		};
		3F2E39AC1E39F52E001DBFCC /* Release */ = {
			isa = XCBuildConfiguration;
			buildSettings = {
				ALWAYS_SEARCH_USER_PATHS = NO;
				CLANG_ANALYZER_NONNULL = YES;
				CLANG_CXX_LANGUAGE_STANDARD = "gnu++0x";
				CLANG_CXX_LIBRARY = "libc++";
				CLANG_ENABLE_MODULES = YES;
				CLANG_ENABLE_OBJC_ARC = YES;
				CLANG_WARN_BOOL_CONVERSION = YES;
				CLANG_WARN_CONSTANT_CONVERSION = YES;
				CLANG_WARN_DIRECT_OBJC_ISA_USAGE = YES_ERROR;
				CLANG_WARN_DOCUMENTATION_COMMENTS = YES;
				CLANG_WARN_EMPTY_BODY = YES;
				CLANG_WARN_ENUM_CONVERSION = YES;
				CLANG_WARN_INFINITE_RECURSION = YES;
				CLANG_WARN_INT_CONVERSION = YES;
				CLANG_WARN_OBJC_ROOT_CLASS = YES_ERROR;
				CLANG_WARN_SUSPICIOUS_MOVES = YES;
				CLANG_WARN_UNREACHABLE_CODE = YES;
				CLANG_WARN__DUPLICATE_METHOD_MATCH = YES;
				"CODE_SIGN_IDENTITY[sdk=iphoneos*]" = "iPhone Developer";
				COPY_PHASE_STRIP = NO;
				DEBUG_INFORMATION_FORMAT = "dwarf-with-dsym";
				ENABLE_NS_ASSERTIONS = NO;
				ENABLE_STRICT_OBJC_MSGSEND = YES;
				GCC_C_LANGUAGE_STANDARD = gnu99;
				GCC_NO_COMMON_BLOCKS = YES;
				GCC_WARN_64_TO_32_BIT_CONVERSION = YES;
				GCC_WARN_ABOUT_RETURN_TYPE = YES_ERROR;
				GCC_WARN_UNDECLARED_SELECTOR = YES;
				GCC_WARN_UNINITIALIZED_AUTOS = YES_AGGRESSIVE;
				GCC_WARN_UNUSED_FUNCTION = YES;
				GCC_WARN_UNUSED_VARIABLE = YES;
				IPHONEOS_DEPLOYMENT_TARGET = 10.0;
				MTL_ENABLE_DEBUG_INFO = NO;
				SDKROOT = iphoneos;
				SWIFT_OPTIMIZATION_LEVEL = "-Owholemodule";
				TARGETED_DEVICE_FAMILY = "1,2";
				VALIDATE_PRODUCT = YES;
			};
			name = Release;
		};
		3F2E39AE1E39F52E001DBFCC /* Debug */ = {
			isa = XCBuildConfiguration;
			buildSettings = {
				ASSETCATALOG_COMPILER_APPICON_NAME = AppIcon;
				INFOPLIST_FILE = UE3/Info.plist;
				LD_RUNPATH_SEARCH_PATHS = "$(inherited) @executable_path/Frameworks";
				PRODUCT_BUNDLE_IDENTIFIER = com.swift.UE3;
				PRODUCT_NAME = "$(TARGET_NAME)";
				SWIFT_VERSION = 3.0;
			};
			name = Debug;
		};
		3F2E39AF1E39F52E001DBFCC /* Release */ = {
			isa = XCBuildConfiguration;
			buildSettings = {
				ASSETCATALOG_COMPILER_APPICON_NAME = AppIcon;
				INFOPLIST_FILE = UE3/Info.plist;
				LD_RUNPATH_SEARCH_PATHS = "$(inherited) @executable_path/Frameworks";
				PRODUCT_BUNDLE_IDENTIFIER = com.swift.UE3;
				PRODUCT_NAME = "$(TARGET_NAME)";
				SWIFT_VERSION = 3.0;
			};
			name = Release;
		};
		3F2E39B11E39F52E001DBFCC /* Debug */ = {
			isa = XCBuildConfiguration;
			buildSettings = {
				ALWAYS_EMBED_SWIFT_STANDARD_LIBRARIES = YES;
				BUNDLE_LOADER = "$(TEST_HOST)";
				INFOPLIST_FILE = UE3Tests/Info.plist;
				LD_RUNPATH_SEARCH_PATHS = "$(inherited) @executable_path/Frameworks @loader_path/Frameworks";
				PRODUCT_BUNDLE_IDENTIFIER = com.swift.UE3Tests;
				PRODUCT_NAME = "$(TARGET_NAME)";
				SWIFT_VERSION = 3.0;
				TEST_HOST = "$(BUILT_PRODUCTS_DIR)/UE3.app/UE3";
			};
			name = Debug;
		};
		3F2E39B21E39F52E001DBFCC /* Release */ = {
			isa = XCBuildConfiguration;
			buildSettings = {
				ALWAYS_EMBED_SWIFT_STANDARD_LIBRARIES = YES;
				BUNDLE_LOADER = "$(TEST_HOST)";
				INFOPLIST_FILE = UE3Tests/Info.plist;
				LD_RUNPATH_SEARCH_PATHS = "$(inherited) @executable_path/Frameworks @loader_path/Frameworks";
				PRODUCT_BUNDLE_IDENTIFIER = com.swift.UE3Tests;
				PRODUCT_NAME = "$(TARGET_NAME)";
				SWIFT_VERSION = 3.0;
				TEST_HOST = "$(BUILT_PRODUCTS_DIR)/UE3.app/UE3";
			};
			name = Release;
		};
		3F2E39B41E39F52E001DBFCC /* Debug */ = {
			isa = XCBuildConfiguration;
			buildSettings = {
				ALWAYS_EMBED_SWIFT_STANDARD_LIBRARIES = YES;
				INFOPLIST_FILE = UE3UITests/Info.plist;
				LD_RUNPATH_SEARCH_PATHS = "$(inherited) @executable_path/Frameworks @loader_path/Frameworks";
				PRODUCT_BUNDLE_IDENTIFIER = com.swift.UE3UITests;
				PRODUCT_NAME = "$(TARGET_NAME)";
				SWIFT_VERSION = 3.0;
				TEST_TARGET_NAME = UE3;
			};
			name = Debug;
		};
		3F2E39B51E39F52E001DBFCC /* Release */ = {
			isa = XCBuildConfiguration;
			buildSettings = {
				ALWAYS_EMBED_SWIFT_STANDARD_LIBRARIES = YES;
				INFOPLIST_FILE = UE3UITests/Info.plist;
				LD_RUNPATH_SEARCH_PATHS = "$(inherited) @executable_path/Frameworks @loader_path/Frameworks";
				PRODUCT_BUNDLE_IDENTIFIER = com.swift.UE3UITests;
				PRODUCT_NAME = "$(TARGET_NAME)";
				SWIFT_VERSION = 3.0;
				TEST_TARGET_NAME = UE3;
			};
			name = Release;
		};
/* End XCBuildConfiguration section */

/* Begin XCConfigurationList section */
		3F2E39801E39F52E001DBFCC /* Build configuration list for PBXProject "UE3" */ = {
			isa = XCConfigurationList;
			buildConfigurations = (
				3F2E39AB1E39F52E001DBFCC /* Debug */,
				3F2E39AC1E39F52E001DBFCC /* Release */,
			);
			defaultConfigurationIsVisible = 0;
			defaultConfigurationName = Release;
		};
		3F2E39AD1E39F52E001DBFCC /* Build configuration list for PBXNativeTarget "UE3" */ = {
			isa = XCConfigurationList;
			buildConfigurations = (
				3F2E39AE1E39F52E001DBFCC /* Debug */,
				3F2E39AF1E39F52E001DBFCC /* Release */,
			);
			defaultConfigurationIsVisible = 0;
		};
		3F2E39B01E39F52E001DBFCC /* Build configuration list for PBXNativeTarget "UE3Tests" */ = {
			isa = XCConfigurationList;
			buildConfigurations = (
				3F2E39B11E39F52E001DBFCC /* Debug */,
				3F2E39B21E39F52E001DBFCC /* Release */,
			);
			defaultConfigurationIsVisible = 0;
		};
		3F2E39B31E39F52E001DBFCC /* Build configuration list for PBXNativeTarget "UE3UITests" */ = {
			isa = XCConfigurationList;
			buildConfigurations = (
				3F2E39B41E39F52E001DBFCC /* Debug */,
				3F2E39B51E39F52E001DBFCC /* Release */,
			);
			defaultConfigurationIsVisible = 0;
		};
/* End XCConfigurationList section */
	};
	rootObject = 3F2E397D1E39F52E001DBFCC /* Project object */;
}
